// !$*UTF8*$!
{
	archiveVersion = 1;
	classes = {
	};
	objectVersion = 46;
	objects = {
		821CEE78CB8D66E160A34925 = {
			isa = PBXBuildFile;
			fileRef = 41CD2643C0823486DEB1EB34;
		};
		3ECE90519C29940AAA82ADD2 = {
			isa = PBXBuildFile;
			fileRef = 46624634FFEE2AA6B8951AF7;
		};
		3550B996C7401F9011C6D476 = {
			isa = PBXBuildFile;
			fileRef = 73E300D588D03F434271F599;
		};
		0C17772C9E28CD8DE79F84C9 = {
			isa = PBXBuildFile;
			fileRef = 49AEC38725849403325D4137;
		};
		6F375E38125B20CD947C8B94 = {
			isa = PBXBuildFile;
			fileRef = 4971B02436D0AFBFCAFA9BE5;
		};
		78655AE1D17950526E6A211C = {
			isa = PBXBuildFile;
			fileRef = BBD53BD3522EE935FDC1AEC6;
		};
		7065B5F07FC451EB2DF8B202 = {
			isa = PBXBuildFile;
			fileRef = DA544E68F0387670E176E47B;
		};
		607B5C3AFCAD5D4701DF5C26 = {
			isa = PBXBuildFile;
			fileRef = 408C352A8DDFDF8BA7AD7D42;
		};
		F137A7573638F1F11B648155 = {
			isa = PBXBuildFile;
			fileRef = 357E65859FD4E26B85B15B66;
		};
		4C35FA083F87029CC3CA18AD = {
			isa = PBXBuildFile;
			fileRef = 88412499A9A970E645EF93FE;
		};
		2AF85FFDE21A19D20091A787 = {
			isa = PBXBuildFile;
			fileRef = B9858BD69BED3484E75B1E71;
		};
		EABF7C03252D2FB41A4325A8 = {
			isa = PBXBuildFile;
			fileRef = CF2D2634B9E48DE2DEEDD6FB;
		};
		125C58E4F6BC397F6651A657 = {
			isa = PBXBuildFile;
			fileRef = 122BC83697FBEE8E020D136E;
		};
		2B19C66724D561635037A7A3 = {
			isa = PBXBuildFile;
			fileRef = 9D690BD5328E2438E34FBA78;
		};
		4F3FFA8267FB8F99947A191E = {
			isa = PBXBuildFile;
			fileRef = DF72E5E3D3901C3664B78C22;
		};
		0D2E456CD518F2925A985001 = {
			isa = PBXBuildFile;
			fileRef = 32BAE7BE1BD4F9ABC1FEAF53;
		};
		F229B627FE02B4576F4C440C = {
			isa = PBXBuildFile;
			fileRef = 1C1E6F780875467132DBA5C7;
		};
		3552BED94A233163C87DBD03 = {
			isa = PBXBuildFile;
			fileRef = C4577D0131F7415129674B79;
		};
		C1D3AEC3885C0571383A18EF = {
			isa = PBXBuildFile;
			fileRef = 4F812B8928F81DCEC6AD0CFE;
		};
		9C3BB403577F79113F9E3E22 = {
			isa = PBXBuildFile;
			fileRef = 32E14335E711BFAA11FEDD78;
		};
		7F8FCFDA896F3DA98DB73928 = {
			isa = PBXBuildFile;
			fileRef = 1ABEC0F43B341CBD316B21BE;
		};
		48269B36823870D50B48F28B = {
			isa = PBXBuildFile;
			fileRef = FD81078E404D3285B6325A66;
		};
		6C100087AF66405FB1D7A66A = {
			isa = PBXBuildFile;
			fileRef = DCB77F1D36B6E74CAD57FC73;
		};
		6028A248BD64F0E856F612A1 = {
			isa = PBXBuildFile;
			fileRef = 18CB11289CCCE9F572FE1871;
		};
		F4894D0B708E99AD3BB06161 = {
			isa = PBXBuildFile;
			fileRef = 15741E1AC57C6C0BB90F85F5;
		};
		282468238756C66618425A58 = {
			isa = PBXBuildFile;
			fileRef = DBDF5AF95921C35CFF93E750;
		};
		D291651DECFE4A5CB795FC60 = {
			isa = PBXBuildFile;
			fileRef = 757A6CAA7023BC901EF741FC;
		};
		C09E6CE9F2DEC81C9CC1BCDE = {
			isa = PBXBuildFile;
			fileRef = 49040C4570C01167EB2CD017;
		};
		0911025F127D236DBA84ACDD = {
			isa = PBXBuildFile;
			fileRef = EBAB8C8995EA4B26903B1A5B;
		};
		D11E5163D43478326B8F5776 = {
			isa = PBXBuildFile;
			fileRef = DA6FB38A5E7FEF4C4E7C2A0D;
		};
		01D4557FF9FBF9B8E8BCB7FF = {
			isa = PBXFileReference;
			lastKnownFileType = file;
			name = "juce_graphics";
			path = "/Users/cookiemonster/Documents/JUCE/modules/juce_graphics";
			sourceTree = "<absolute>";
		};
		122BC83697FBEE8E020D136E = {
			isa = PBXFileReference;
			lastKnownFileType = wrapper.framework;
			name = WebKit.framework;
			path = System/Library/Frameworks/WebKit.framework;
			sourceTree = SDKROOT;
		};
		1367AADAC9C34892510FBD00 = {
			isa = PBXFileReference;
			lastKnownFileType = sourcecode.c.h;
			name = JuceHeader.h;
			path = ../../JuceLibraryCode/JuceHeader.h;
			sourceTree = "SOURCE_ROOT";
		};
		15741E1AC57C6C0BB90F85F5 = {
			isa = PBXFileReference;
			lastKnownFileType = sourcecode.cpp.objcpp;
			name = "include_juce_dsp.mm";
			path = "../../JuceLibraryCode/include_juce_dsp.mm";
			sourceTree = "SOURCE_ROOT";
		};
		1647570F96AEA55DB4B05358 = {
			isa = PBXFileReference;
			lastKnownFileType = file;
			name = "juce_gui_basics";
			path = "/Users/cookiemonster/Documents/JUCE/modules/juce_gui_basics";
			sourceTree = "<absolute>";
		};
		18CB11289CCCE9F572FE1871 = {
			isa = PBXFileReference;
			lastKnownFileType = sourcecode.cpp.objcpp;
			name = "include_juce_data_structures.mm";
			path = "../../JuceLibraryCode/include_juce_data_structures.mm";
			sourceTree = "SOURCE_ROOT";
		};
		1ABEC0F43B341CBD316B21BE = {
			isa = PBXFileReference;
			lastKnownFileType = sourcecode.cpp.objcpp;
			name = "include_juce_audio_utils.mm";
			path = "../../JuceLibraryCode/include_juce_audio_utils.mm";
			sourceTree = "SOURCE_ROOT";
		};
		1C1E6F780875467132DBA5C7 = {
			isa = PBXFileReference;
			lastKnownFileType = sourcecode.cpp.objcpp;
			name = "include_juce_audio_basics.mm";
			path = "../../JuceLibraryCode/include_juce_audio_basics.mm";
			sourceTree = "SOURCE_ROOT";
		};
		1FDED89613409053847A74FD = {
			isa = PBXFileReference;
			lastKnownFileType = file;
			name = "juce_audio_utils";
			path = "/Users/cookiemonster/Documents/JUCE/modules/juce_audio_utils";
			sourceTree = "<absolute>";
		};
		2699DD8441D646D243C625B8 = {
			isa = PBXFileReference;
			lastKnownFileType = file;
			name = "juce_events";
			path = "/Users/cookiemonster/Documents/JUCE/modules/juce_events";
			sourceTree = "<absolute>";
		};
		32BAE7BE1BD4F9ABC1FEAF53 = {
			isa = PBXFileReference;
			lastKnownFileType = sourcecode.cpp.cpp;
			name = Main.cpp;
			path = ../../Source/Main.cpp;
			sourceTree = "SOURCE_ROOT";
		};
		32E14335E711BFAA11FEDD78 = {
			isa = PBXFileReference;
			lastKnownFileType = sourcecode.cpp.objcpp;
			name = "include_juce_audio_processors.mm";
			path = "../../JuceLibraryCode/include_juce_audio_processors.mm";
			sourceTree = "SOURCE_ROOT";
		};
		357E65859FD4E26B85B15B66 = {
			isa = PBXFileReference;
			lastKnownFileType = wrapper.framework;
			name = DiscRecording.framework;
			path = System/Library/Frameworks/DiscRecording.framework;
			sourceTree = SDKROOT;
		};
		408C352A8DDFDF8BA7AD7D42 = {
			isa = PBXFileReference;
			lastKnownFileType = wrapper.framework;
			name = CoreMIDI.framework;
			path = System/Library/Frameworks/CoreMIDI.framework;
			sourceTree = SDKROOT;
		};
		41CD2643C0823486DEB1EB34 = {
			isa = PBXFileReference;
			explicitFileType = wrapper.application;
			includeInIndex = 0;
			path = WhiteNoiseSynth.app;
			sourceTree = "BUILT_PRODUCTS_DIR";
		};
		46624634FFEE2AA6B8951AF7 = {
			isa = PBXFileReference;
			lastKnownFileType = wrapper.framework;
			name = Accelerate.framework;
			path = System/Library/Frameworks/Accelerate.framework;
			sourceTree = SDKROOT;
		};
		4894FD5BE1185B60EA27572A = {
			isa = PBXFileReference;
			lastKnownFileType = file;
			name = "juce_audio_formats";
			path = "/Users/cookiemonster/Documents/JUCE/modules/juce_audio_formats";
			sourceTree = "<absolute>";
		};
		49040C4570C01167EB2CD017 = {
			isa = PBXFileReference;
			lastKnownFileType = sourcecode.cpp.objcpp;
			name = "include_juce_gui_basics.mm";
			path = "../../JuceLibraryCode/include_juce_gui_basics.mm";
			sourceTree = "SOURCE_ROOT";
		};
		4971B02436D0AFBFCAFA9BE5 = {
			isa = PBXFileReference;
			lastKnownFileType = wrapper.framework;
			name = Cocoa.framework;
			path = System/Library/Frameworks/Cocoa.framework;
			sourceTree = SDKROOT;
		};
		49AEC38725849403325D4137 = {
			isa = PBXFileReference;
			lastKnownFileType = wrapper.framework;
			name = Carbon.framework;
			path = System/Library/Frameworks/Carbon.framework;
			sourceTree = SDKROOT;
		};
		4F812B8928F81DCEC6AD0CFE = {
			isa = PBXFileReference;
			lastKnownFileType = sourcecode.cpp.objcpp;
			name = "include_juce_audio_formats.mm";
			path = "../../JuceLibraryCode/include_juce_audio_formats.mm";
			sourceTree = "SOURCE_ROOT";
		};
		50126BDE4178C4B0FC2C2438 = {
			isa = PBXFileReference;
			lastKnownFileType = sourcecode.c.h;
			name = AppConfig.h;
			path = ../../JuceLibraryCode/AppConfig.h;
			sourceTree = "SOURCE_ROOT";
		};
		6304C657E8E92E76A423871C = {
			isa = PBXFileReference;
			lastKnownFileType = file;
			name = "juce_data_structures";
			path = "/Users/cookiemonster/Documents/JUCE/modules/juce_data_structures";
			sourceTree = "<absolute>";
		};
		6CEC19BB7632AA7F7368620F = {
			isa = PBXFileReference;
			lastKnownFileType = file;
			name = "juce_dsp";
			path = "/Users/cookiemonster/Documents/JUCE/modules/juce_dsp";
			sourceTree = "<absolute>";
		};
		73E300D588D03F434271F599 = {
			isa = PBXFileReference;
			lastKnownFileType = wrapper.framework;
			name = AudioToolbox.framework;
			path = System/Library/Frameworks/AudioToolbox.framework;
			sourceTree = SDKROOT;
		};
		757A6CAA7023BC901EF741FC = {
			isa = PBXFileReference;
			lastKnownFileType = sourcecode.cpp.objcpp;
			name = "include_juce_graphics.mm";
			path = "../../JuceLibraryCode/include_juce_graphics.mm";
			sourceTree = "SOURCE_ROOT";
		};
		88412499A9A970E645EF93FE = {
			isa = PBXFileReference;
			lastKnownFileType = wrapper.framework;
			name = IOKit.framework;
			path = System/Library/Frameworks/IOKit.framework;
			sourceTree = SDKROOT;
		};
		9D690BD5328E2438E34FBA78 = {
			isa = PBXFileReference;
			lastKnownFileType = file.nib;
			name = RecentFilesMenuTemplate.nib;
			path = RecentFilesMenuTemplate.nib;
			sourceTree = "SOURCE_ROOT";
		};
		A0581A982973468B05334DE4 = {
			isa = PBXFileReference;
			lastKnownFileType = file;
			name = "juce_audio_devices";
			path = "/Users/cookiemonster/Documents/JUCE/modules/juce_audio_devices";
			sourceTree = "<absolute>";
		};
		AAE3948050C0EE077952E206 = {
			isa = PBXFileReference;
			lastKnownFileType = file;
			name = "juce_audio_basics";
			path = "/Users/cookiemonster/Documents/JUCE/modules/juce_audio_basics";
			sourceTree = "<absolute>";
		};
		AB042147DE3C6BE4E1BA61B6 = {
			isa = PBXFileReference;
			lastKnownFileType = file;
			name = "juce_audio_processors";
			path = "/Users/cookiemonster/Documents/JUCE/modules/juce_audio_processors";
			sourceTree = "<absolute>";
		};
		B838237CA02A7FEAAF6F1B17 = {
			isa = PBXFileReference;
			lastKnownFileType = file;
			name = "juce_opengl";
			path = "/Users/cookiemonster/Documents/JUCE/modules/juce_opengl";
			sourceTree = "<absolute>";
		};
		B9858BD69BED3484E75B1E71 = {
			isa = PBXFileReference;
			lastKnownFileType = wrapper.framework;
			name = OpenGL.framework;
			path = System/Library/Frameworks/OpenGL.framework;
			sourceTree = SDKROOT;
		};
		BBD53BD3522EE935FDC1AEC6 = {
			isa = PBXFileReference;
			lastKnownFileType = wrapper.framework;
			name = CoreAudio.framework;
			path = System/Library/Frameworks/CoreAudio.framework;
			sourceTree = SDKROOT;
		};
		C0D8C34ED78BC67A61E606A9 = {
			isa = PBXFileReference;
			lastKnownFileType = file;
			name = "juce_gui_extra";
			path = "/Users/cookiemonster/Documents/JUCE/modules/juce_gui_extra";
			sourceTree = "<absolute>";
		};
		C4577D0131F7415129674B79 = {
			isa = PBXFileReference;
			lastKnownFileType = sourcecode.cpp.objcpp;
			name = "include_juce_audio_devices.mm";
			path = "../../JuceLibraryCode/include_juce_audio_devices.mm";
			sourceTree = "SOURCE_ROOT";
		};
		C8BF7ACFB899F3D73E42B450 = {
			isa = PBXFileReference;
			lastKnownFileType = file;
			name = "juce_core";
			path = "/Users/cookiemonster/Documents/JUCE/modules/juce_core";
			sourceTree = "<absolute>";
		};
		CF2D2634B9E48DE2DEEDD6FB = {
			isa = PBXFileReference;
			lastKnownFileType = wrapper.framework;
			name = QuartzCore.framework;
			path = System/Library/Frameworks/QuartzCore.framework;
			sourceTree = SDKROOT;
		};
		D3052F4C76DF970255CA66CC = {
			isa = PBXFileReference;
			lastKnownFileType = text.plist.xml;
			name = "Info-App.plist";
			path = "Info-App.plist";
			sourceTree = "SOURCE_ROOT";
		};
		DA544E68F0387670E176E47B = {
			isa = PBXFileReference;
			lastKnownFileType = wrapper.framework;
			name = CoreAudioKit.framework;
			path = System/Library/Frameworks/CoreAudioKit.framework;
			sourceTree = SDKROOT;
		};
		DA6FB38A5E7FEF4C4E7C2A0D = {
			isa = PBXFileReference;
			lastKnownFileType = sourcecode.cpp.objcpp;
			name = "include_juce_opengl.mm";
			path = "../../JuceLibraryCode/include_juce_opengl.mm";
			sourceTree = "SOURCE_ROOT";
		};
		DBDF5AF95921C35CFF93E750 = {
			isa = PBXFileReference;
			lastKnownFileType = sourcecode.cpp.objcpp;
			name = "include_juce_events.mm";
			path = "../../JuceLibraryCode/include_juce_events.mm";
			sourceTree = "SOURCE_ROOT";
		};
		DCB77F1D36B6E74CAD57FC73 = {
			isa = PBXFileReference;
			lastKnownFileType = sourcecode.cpp.objcpp;
			name = "include_juce_cryptography.mm";
			path = "../../JuceLibraryCode/include_juce_cryptography.mm";
			sourceTree = "SOURCE_ROOT";
		};
		DF72E5E3D3901C3664B78C22 = {
			isa = PBXFileReference;
			lastKnownFileType = sourcecode.cpp.cpp;
			name = MainComponent.cpp;
			path = ../../Source/MainComponent.cpp;
			sourceTree = "SOURCE_ROOT";
		};
		E7E50D8EB540E8022B1B3C0B = {
			isa = PBXFileReference;
			lastKnownFileType = sourcecode.c.h;
			name = MainComponent.h;
			path = ../../Source/MainComponent.h;
			sourceTree = "SOURCE_ROOT";
		};
		E84581561E02032E9A2060AB = {
			isa = PBXFileReference;
			lastKnownFileType = file;
			name = "juce_cryptography";
			path = "/Users/cookiemonster/Documents/JUCE/modules/juce_cryptography";
			sourceTree = "<absolute>";
		};
		EBAB8C8995EA4B26903B1A5B = {
			isa = PBXFileReference;
			lastKnownFileType = sourcecode.cpp.objcpp;
			name = "include_juce_gui_extra.mm";
			path = "../../JuceLibraryCode/include_juce_gui_extra.mm";
			sourceTree = "SOURCE_ROOT";
		};
		FD81078E404D3285B6325A66 = {
			isa = PBXFileReference;
			lastKnownFileType = sourcecode.cpp.objcpp;
			name = "include_juce_core.mm";
			path = "../../JuceLibraryCode/include_juce_core.mm";
			sourceTree = "SOURCE_ROOT";
		};
		4A3E94C0D0B49D7B21126439 = {
			isa = PBXGroup;
			children = (
				E7E50D8EB540E8022B1B3C0B,
				DF72E5E3D3901C3664B78C22,
				32BAE7BE1BD4F9ABC1FEAF53,
			);
			name = Source;
			sourceTree = "<group>";
		};
		FF8E8F866113224862E1C286 = {
			isa = PBXGroup;
			children = (
				4A3E94C0D0B49D7B21126439,
			);
			name = WhiteNoiseSynth;
			sourceTree = "<group>";
		};
		058BADF5A6C147B733F1DF89 = {
			isa = PBXGroup;
			children = (
				AAE3948050C0EE077952E206,
				A0581A982973468B05334DE4,
				4894FD5BE1185B60EA27572A,
				AB042147DE3C6BE4E1BA61B6,
				1FDED89613409053847A74FD,
				C8BF7ACFB899F3D73E42B450,
				E84581561E02032E9A2060AB,
				6304C657E8E92E76A423871C,
				6CEC19BB7632AA7F7368620F,
				2699DD8441D646D243C625B8,
				01D4557FF9FBF9B8E8BCB7FF,
				1647570F96AEA55DB4B05358,
				C0D8C34ED78BC67A61E606A9,
				B838237CA02A7FEAAF6F1B17,
			);
			name = "JUCE Modules";
			sourceTree = "<group>";
		};
		46A718248C656843DC8B6D8A = {
			isa = PBXGroup;
			children = (
				50126BDE4178C4B0FC2C2438,
				1C1E6F780875467132DBA5C7,
				C4577D0131F7415129674B79,
				4F812B8928F81DCEC6AD0CFE,
				32E14335E711BFAA11FEDD78,
				1ABEC0F43B341CBD316B21BE,
				FD81078E404D3285B6325A66,
				DCB77F1D36B6E74CAD57FC73,
				18CB11289CCCE9F572FE1871,
				15741E1AC57C6C0BB90F85F5,
				DBDF5AF95921C35CFF93E750,
				757A6CAA7023BC901EF741FC,
				49040C4570C01167EB2CD017,
				EBAB8C8995EA4B26903B1A5B,
				DA6FB38A5E7FEF4C4E7C2A0D,
				1367AADAC9C34892510FBD00,
			);
			name = "JUCE Library Code";
			sourceTree = "<group>";
		};
		E7976D455F227A98DB0E17F1 = {
			isa = PBXGroup;
			children = (
				D3052F4C76DF970255CA66CC,
				9D690BD5328E2438E34FBA78,
			);
			name = Resources;
			sourceTree = "<group>";
		};
		B0F6B820D4314CFE16C7C343 = {
			isa = PBXGroup;
			children = (
				46624634FFEE2AA6B8951AF7,
				73E300D588D03F434271F599,
				49AEC38725849403325D4137,
				4971B02436D0AFBFCAFA9BE5,
				BBD53BD3522EE935FDC1AEC6,
				DA544E68F0387670E176E47B,
				408C352A8DDFDF8BA7AD7D42,
				357E65859FD4E26B85B15B66,
				88412499A9A970E645EF93FE,
				B9858BD69BED3484E75B1E71,
				CF2D2634B9E48DE2DEEDD6FB,
				122BC83697FBEE8E020D136E,
			);
			name = Frameworks;
			sourceTree = "<group>";
		};
		D7E37336AF5DB5FED382DC71 = {
			isa = PBXGroup;
			children = (
				41CD2643C0823486DEB1EB34,
			);
			name = Products;
			sourceTree = "<group>";
		};
		692EA69151E45F5A8F13669D = {
			isa = PBXGroup;
			children = (
				FF8E8F866113224862E1C286,
				058BADF5A6C147B733F1DF89,
				46A718248C656843DC8B6D8A,
				E7976D455F227A98DB0E17F1,
				B0F6B820D4314CFE16C7C343,
				D7E37336AF5DB5FED382DC71,
			);
			name = Source;
			sourceTree = "<group>";
		};
		9C175261E33720C3207161EA = {
			isa = XCBuildConfiguration;
			buildSettings = {
				CLANG_CXX_LANGUAGE_STANDARD = "c++14";
				CLANG_CXX_LIBRARY = "libc++";
				CLANG_LINK_OBJC_RUNTIME = NO;
				CODE_SIGN_IDENTITY = "";
				COMBINE_HIDPI_IMAGES = YES;
				CONFIGURATION_BUILD_DIR = "$(PROJECT_DIR)/build/$(CONFIGURATION)";
				COPY_PHASE_STRIP = NO;
				GCC_DYNAMIC_NO_PIC = NO;
				GCC_OPTIMIZATION_LEVEL = 0;
				GCC_PREPROCESSOR_DEFINITIONS = (
					"_DEBUG=1",
					"DEBUG=1",
					"JUCER_XCODE_MAC_F6D2F4CF=1",
					"JUCE_APP_VERSION=1.0.0",
					"JUCE_APP_VERSION_HEX=0x10000",
					"JucePlugin_Build_VST=0",
					"JucePlugin_Build_VST3=0",
					"JucePlugin_Build_AU=0",
					"JucePlugin_Build_AUv3=0",
					"JucePlugin_Build_RTAS=0",
					"JucePlugin_Build_AAX=0",
					"JucePlugin_Build_Standalone=0",
					"JucePlugin_Build_Unity=0",
				);
				GCC_VERSION = com.apple.compilers.llvm.clang.1_0;
				HEADER_SEARCH_PATHS = (
					"../../JuceLibraryCode",
					"/Users/cookiemonster/Documents/JUCE/modules",
					"$(inherited)",
				);
				INFOPLIST_FILE = Info-App.plist;
				INFOPLIST_PREPROCESS = NO;
				INSTALL_PATH = "$(HOME)/Applications";
				MACOSX_DEPLOYMENT_TARGET = 10.11;
				PRODUCT_BUNDLE_IDENTIFIER = com.yourcompany.WhiteNoiseSynth;
				PRODUCT_NAME = "WhiteNoiseSynth";
				USE_HEADERMAP = NO;
			};
			name = Debug;
		};
		279C39211B36875CDA40994B = {
			isa = XCBuildConfiguration;
			buildSettings = {
				CLANG_CXX_LANGUAGE_STANDARD = "c++14";
				CLANG_CXX_LIBRARY = "libc++";
				CLANG_LINK_OBJC_RUNTIME = NO;
				CODE_SIGN_IDENTITY = "";
				COMBINE_HIDPI_IMAGES = YES;
				CONFIGURATION_BUILD_DIR = "$(PROJECT_DIR)/build/$(CONFIGURATION)";
				DEAD_CODE_STRIPPING = YES;
				GCC_GENERATE_DEBUGGING_SYMBOLS = NO;
				GCC_OPTIMIZATION_LEVEL = 3;
				GCC_PREPROCESSOR_DEFINITIONS = (
					"_NDEBUG=1",
					"NDEBUG=1",
					"JUCER_XCODE_MAC_F6D2F4CF=1",
					"JUCE_APP_VERSION=1.0.0",
					"JUCE_APP_VERSION_HEX=0x10000",
					"JucePlugin_Build_VST=0",
					"JucePlugin_Build_VST3=0",
					"JucePlugin_Build_AU=0",
					"JucePlugin_Build_AUv3=0",
					"JucePlugin_Build_RTAS=0",
					"JucePlugin_Build_AAX=0",
					"JucePlugin_Build_Standalone=0",
					"JucePlugin_Build_Unity=0",
				);
				GCC_SYMBOLS_PRIVATE_EXTERN = YES;
				GCC_VERSION = com.apple.compilers.llvm.clang.1_0;
				HEADER_SEARCH_PATHS = (
					"../../JuceLibraryCode",
					"/Users/cookiemonster/Documents/JUCE/modules",
					"$(inherited)",
				);
				INFOPLIST_FILE = Info-App.plist;
				INFOPLIST_PREPROCESS = NO;
				INSTALL_PATH = "$(HOME)/Applications";
				LLVM_LTO = YES;
				MACOSX_DEPLOYMENT_TARGET = 10.11;
				PRODUCT_BUNDLE_IDENTIFIER = com.yourcompany.WhiteNoiseSynth;
				PRODUCT_NAME = "WhiteNoiseSynth";
				USE_HEADERMAP = NO;
			};
			name = Release;
		};
		BEFD8C4DDF9F21CB1E940CC9 = {
			isa = XCBuildConfiguration;
			buildSettings = {
				ALWAYS_SEARCH_USER_PATHS = NO;
				CLANG_ENABLE_OBJC_WEAK = YES;
				CLANG_WARN_BLOCK_CAPTURE_AUTORELEASING = YES;
				CLANG_WARN_BOOL_CONVERSION = YES;
				CLANG_WARN_COMMA = YES;
				CLANG_WARN_CONSTANT_CONVERSION = YES;
				CLANG_WARN_DEPRECATED_OBJC_IMPLEMENTATIONS = YES;
				CLANG_WARN_EMPTY_BODY = YES;
				CLANG_WARN_ENUM_CONVERSION = YES;
				CLANG_WARN_INFINITE_RECURSION = YES;
				CLANG_WARN_INT_CONVERSION = YES;
				CLANG_WARN_NON_LITERAL_NULL_CONVERSION = YES;
				CLANG_WARN_OBJC_IMPLICIT_RETAIN_SELF = YES;
				CLANG_WARN_OBJC_LITERAL_CONVERSION = YES;
				CLANG_WARN_RANGE_LOOP_ANALYSIS = YES;
				CLANG_WARN_STRICT_PROTOTYPES = YES;
				CLANG_WARN_SUSPICIOUS_MOVE = YES;
				CLANG_WARN_UNREACHABLE_CODE = YES;
				CLANG_WARN__DUPLICATE_METHOD_MATCH = YES;
				CODE_SIGN_IDENTITY = "";
				DEBUG_INFORMATION_FORMAT = dwarf;
				ENABLE_STRICT_OBJC_MSGSEND = YES;
				ENABLE_TESTABILITY = YES;
				GCC_C_LANGUAGE_STANDARD = c11;
				GCC_INLINES_ARE_PRIVATE_EXTERN = YES;
				GCC_MODEL_TUNING = G5;
				GCC_NO_COMMON_BLOCKS = YES;
				GCC_WARN_64_TO_32_BIT_CONVERSION = YES;
				GCC_WARN_ABOUT_RETURN_TYPE = YES;
				GCC_WARN_CHECK_SWITCH_STATEMENTS = YES;
				GCC_WARN_MISSING_PARENTHESES = YES;
				GCC_WARN_NON_VIRTUAL_DESTRUCTOR = YES;
				GCC_WARN_TYPECHECK_CALLS_TO_PRINTF = YES;
				GCC_WARN_UNDECLARED_SELECTOR = YES;
				GCC_WARN_UNINITIALIZED_AUTOS = YES;
				GCC_WARN_UNUSED_FUNCTION = YES;
				GCC_WARN_UNUSED_VARIABLE = YES;
				ONLY_ACTIVE_ARCH = YES;
				PRODUCT_NAME = "WhiteNoiseSynth";
				SDKROOT = macosx;
				WARNING_CFLAGS = "-Wreorder";
				ZERO_LINK = NO;
			};
			name = Debug;
		};
		E0FD898037EC4ECDD565FE96 = {
			isa = XCBuildConfiguration;
			buildSettings = {
				ALWAYS_SEARCH_USER_PATHS = NO;
				CLANG_ENABLE_OBJC_WEAK = YES;
				CLANG_WARN_BLOCK_CAPTURE_AUTORELEASING = YES;
				CLANG_WARN_BOOL_CONVERSION = YES;
				CLANG_WARN_COMMA = YES;
				CLANG_WARN_CONSTANT_CONVERSION = YES;
				CLANG_WARN_DEPRECATED_OBJC_IMPLEMENTATIONS = YES;
				CLANG_WARN_EMPTY_BODY = YES;
				CLANG_WARN_ENUM_CONVERSION = YES;
				CLANG_WARN_INFINITE_RECURSION = YES;
				CLANG_WARN_INT_CONVERSION = YES;
				CLANG_WARN_NON_LITERAL_NULL_CONVERSION = YES;
				CLANG_WARN_OBJC_IMPLICIT_RETAIN_SELF = YES;
				CLANG_WARN_OBJC_LITERAL_CONVERSION = YES;
				CLANG_WARN_RANGE_LOOP_ANALYSIS = YES;
				CLANG_WARN_STRICT_PROTOTYPES = YES;
				CLANG_WARN_SUSPICIOUS_MOVE = YES;
				CLANG_WARN_UNREACHABLE_CODE = YES;
				CLANG_WARN__DUPLICATE_METHOD_MATCH = YES;
				CODE_SIGN_IDENTITY = "";
				DEBUG_INFORMATION_FORMAT = dwarf;
				ENABLE_STRICT_OBJC_MSGSEND = YES;
				GCC_C_LANGUAGE_STANDARD = c11;
				GCC_INLINES_ARE_PRIVATE_EXTERN = YES;
				GCC_MODEL_TUNING = G5;
				GCC_NO_COMMON_BLOCKS = YES;
				GCC_WARN_64_TO_32_BIT_CONVERSION = YES;
				GCC_WARN_ABOUT_RETURN_TYPE = YES;
				GCC_WARN_CHECK_SWITCH_STATEMENTS = YES;
				GCC_WARN_MISSING_PARENTHESES = YES;
				GCC_WARN_NON_VIRTUAL_DESTRUCTOR = YES;
				GCC_WARN_TYPECHECK_CALLS_TO_PRINTF = YES;
				GCC_WARN_UNDECLARED_SELECTOR = YES;
				GCC_WARN_UNINITIALIZED_AUTOS = YES;
				GCC_WARN_UNUSED_FUNCTION = YES;
				GCC_WARN_UNUSED_VARIABLE = YES;
				PRODUCT_NAME = "WhiteNoiseSynth";
				SDKROOT = macosx;
				WARNING_CFLAGS = "-Wreorder";
				ZERO_LINK = NO;
			};
			name = Release;
		};
		F62E3DAD17408A68A4577149 = {
			isa = PBXTargetDependency;
			target = 1987AC2766A2FF4831354E65;
		};
		5A9D549CC40DF422945D2564 = {
			isa = XCConfigurationList;
			buildConfigurations = (
				BEFD8C4DDF9F21CB1E940CC9,
				E0FD898037EC4ECDD565FE96,
			);
			defaultConfigurationIsVisible = 0;
			defaultConfigurationName = Debug;
		};
		4BDF13DD080A44BCD6E2F6CC = {
			isa = XCConfigurationList;
			buildConfigurations = (
				9C175261E33720C3207161EA,
				279C39211B36875CDA40994B,
			);
			defaultConfigurationIsVisible = 0;
			defaultConfigurationName = Debug;
		};
		0A7A161CA2A67601A61347BE = {
			isa = PBXResourcesBuildPhase;
			buildActionMask = 2147483647;
			files = (
				2B19C66724D561635037A7A3,
			);
			runOnlyForDeploymentPostprocessing = 0;
		};
		55379CCA137C809916A7AF46 = {
			isa = PBXSourcesBuildPhase;
			buildActionMask = 2147483647;
			files = (
				4F3FFA8267FB8F99947A191E,
				0D2E456CD518F2925A985001,
				F229B627FE02B4576F4C440C,
				3552BED94A233163C87DBD03,
				C1D3AEC3885C0571383A18EF,
				9C3BB403577F79113F9E3E22,
				7F8FCFDA896F3DA98DB73928,
				48269B36823870D50B48F28B,
				6C100087AF66405FB1D7A66A,
				6028A248BD64F0E856F612A1,
				F4894D0B708E99AD3BB06161,
				282468238756C66618425A58,
				D291651DECFE4A5CB795FC60,
				C09E6CE9F2DEC81C9CC1BCDE,
				0911025F127D236DBA84ACDD,
				D11E5163D43478326B8F5776,
			);
			runOnlyForDeploymentPostprocessing = 0;
		};
		F1B30411BD299FEAA621ABA5 = {
			isa = PBXFrameworksBuildPhase;
			buildActionMask = 2147483647;
			files = (
				3ECE90519C29940AAA82ADD2,
				3550B996C7401F9011C6D476,
				0C17772C9E28CD8DE79F84C9,
				6F375E38125B20CD947C8B94,
				78655AE1D17950526E6A211C,
				7065B5F07FC451EB2DF8B202,
				607B5C3AFCAD5D4701DF5C26,
				F137A7573638F1F11B648155,
				4C35FA083F87029CC3CA18AD,
				2AF85FFDE21A19D20091A787,
				EABF7C03252D2FB41A4325A8,
				125C58E4F6BC397F6651A657,
			);
			runOnlyForDeploymentPostprocessing = 0;
		};
		1987AC2766A2FF4831354E65 = {
			isa = PBXNativeTarget;
			buildConfigurationList = 4BDF13DD080A44BCD6E2F6CC;
			buildPhases = (
				0A7A161CA2A67601A61347BE,
				55379CCA137C809916A7AF46,
				F1B30411BD299FEAA621ABA5,
			);
			buildRules = ( );
			dependencies = ( );
			name = "WhiteNoiseSynth - App";
			productName = WhiteNoiseSynth;
			productReference = 41CD2643C0823486DEB1EB34;
			productType = "com.apple.product-type.application";
		};
		05D4C5AAFE31076D1E7201F4 = {
			isa = PBXProject;
			buildConfigurationList = 5A9D549CC40DF422945D2564;
			attributes = { LastUpgradeCheck = 1100; ORGANIZATIONNAME = ""; TargetAttributes = { 1987AC2766A2FF4831354E65 = { SystemCapabilities = {com.apple.ApplicationGroups.iOS = { enabled = 0; }; com.apple.InAppPurchase = { enabled = 0; }; com.apple.InterAppAudio = { enabled = 0; }; com.apple.Push = { enabled = 0; }; com.apple.Sandbox = { enabled = 0; }; com.apple.HardenedRuntime = { enabled = 0; }; }; }; }; };
			compatibilityVersion = "Xcode 3.2";
			hasScannedForEncodings = 0;
			mainGroup = 692EA69151E45F5A8F13669D;
			projectDirPath = "";
			projectRoot = "";
			targets = (1987AC2766A2FF4831354E65);
			knownRegions = (en, Base);
		};
	};
	rootObject = 05D4C5AAFE31076D1E7201F4;
}
